
Microsoft Visual Studio Solution File, Format Version 12.00
# Visual Studio 15
VisualStudioVersion = 15.0.28307.168
MinimumVisualStudioVersion = 10.0.40219.1
Project("{9A19103F-16F7-4668-BE54-9A1E7A4F7556}") = "Services.Tests", "CopyObjectAbout\Services.Tests.csproj", "{25722FC4-6135-4548-8529-CADD73B5F481}"
EndProject
Project("{9A19103F-16F7-4668-BE54-9A1E7A4F7556}") = "Asotea.Infrastructure", "Asotea.Infrastructure\Asotea.Infrastructure.csproj", "{F7135E95-2A88-4E52-9474-B164A68BB63D}"
EndProject
Project("{9A19103F-16F7-4668-BE54-9A1E7A4F7556}") = "Models", "Models\Models.csproj", "{D02C33C4-A76D-4274-BDFD-0B7E634F009F}"
EndProject
Project("{9A19103F-16F7-4668-BE54-9A1E7A4F7556}") = "Services", "Services\Services.csproj", "{01ADDAB5-91B3-4D47-8854-8E8A5857102F}"
EndProject
Global
	GlobalSection(SolutionConfigurationPlatforms) = preSolution
		Debug|Any CPU = Debug|Any CPU
		Release|Any CPU = Release|Any CPU
		Stage|Any CPU = Stage|Any CPU
	EndGlobalSection
	GlobalSection(ProjectConfigurationPlatforms) = postSolution
		{25722FC4-6135-4548-8529-CADD73B5F481}.Debug|Any CPU.ActiveCfg = Debug|Any CPU
		{25722FC4-6135-4548-8529-CADD73B5F481}.Debug|Any CPU.Build.0 = Debug|Any CPU
		{25722FC4-6135-4548-8529-CADD73B5F481}.Release|Any CPU.ActiveCfg = Release|Any CPU
		{25722FC4-6135-4548-8529-CADD73B5F481}.Release|Any CPU.Build.0 = Release|Any CPU
		{25722FC4-6135-4548-8529-CADD73B5F481}.Stage|Any CPU.ActiveCfg = Debug|Any CPU
		{25722FC4-6135-4548-8529-CADD73B5F481}.Stage|Any CPU.Build.0 = Debug|Any CPU
		{F7135E95-2A88-4E52-9474-B164A68BB63D}.Debug|Any CPU.ActiveCfg = Debug|Any CPU
		{F7135E95-2A88-4E52-9474-B164A68BB63D}.Debug|Any CPU.Build.0 = Debug|Any CPU
		{F7135E95-2A88-4E52-9474-B164A68BB63D}.Release|Any CPU.ActiveCfg = Release|Any CPU
		{F7135E95-2A88-4E52-9474-B164A68BB63D}.Release|Any CPU.Build.0 = Release|Any CPU
		{F7135E95-2A88-4E52-9474-B164A68BB63D}.Stage|Any CPU.ActiveCfg = Stage|Any CPU
		{F7135E95-2A88-4E52-9474-B164A68BB63D}.Stage|Any CPU.Build.0 = Stage|Any CPU
		{D02C33C4-A76D-4274-BDFD-0B7E634F009F}.Debug|Any CPU.ActiveCfg = Debug|Any CPU
		{D02C33C4-A76D-4274-BDFD-0B7E634F009F}.Debug|Any CPU.Build.0 = Debug|Any CPU
		{D02C33C4-A76D-4274-BDFD-0B7E634F009F}.Release|Any CPU.ActiveCfg = Release|Any CPU
		{D02C33C4-A76D-4274-BDFD-0B7E634F009F}.Release|Any CPU.Build.0 = Release|Any CPU
		{D02C33C4-A76D-4274-BDFD-0B7E634F009F}.Stage|Any CPU.ActiveCfg = Debug|Any CPU
		{D02C33C4-A76D-4274-BDFD-0B7E634F009F}.Stage|Any CPU.Build.0 = Debug|Any CPU
		{01ADDAB5-91B3-4D47-8854-8E8A5857102F}.Debug|Any CPU.ActiveCfg = Debug|Any CPU
		{01ADDAB5-91B3-4D47-8854-8E8A5857102F}.Debug|Any CPU.Build.0 = Debug|Any CPU
		{01ADDAB5-91B3-4D47-8854-8E8A5857102F}.Release|Any CPU.ActiveCfg = Release|Any CPU
		{01ADDAB5-91B3-4D47-8854-8E8A5857102F}.Release|Any CPU.Build.0 = Release|Any CPU
		{01ADDAB5-91B3-4D47-8854-8E8A5857102F}.Stage|Any CPU.ActiveCfg = Debug|Any CPU
		{01ADDAB5-91B3-4D47-8854-8E8A5857102F}.Stage|Any CPU.Build.0 = Debug|Any CPU
	EndGlobalSection
	GlobalSection(SolutionProperties) = preSolution
		HideSolutionNode = FALSE
	EndGlobalSection
	GlobalSection(ExtensibilityGlobals) = postSolution
		SolutionGuid = {3E98DDE8-DED3-4EA0-B32D-BCBF9D7A3302}
	EndGlobalSection
EndGlobal
